Microsoft Visual Studio Solution File, Format Version 12.00
# Visual Studio Version 17
VisualStudioVersion = 17.5.2.0
MinimumVisualStudioVersion = 10.0.40219.1
Project("{FAE04EC0-301F-11D3-BF4B-00C04F79EFBC}") = "storeapp3", "storeapp3.csproj", "{3746E15A-4C6D-BD84-F384-855FDBF74667}"
EndProject
Global
	GlobalSection(SolutionConfigurationPlatforms) = preSolution
		Debug|Any CPU = Debug|Any CPU
		Release|Any CPU = Release|Any CPU
	EndGlobalSection
	GlobalSection(ProjectConfigurationPlatforms) = postSolution
		{3746E15A-4C6D-BD84-F384-855FDBF74667}.Debug|Any CPU.ActiveCfg = Debug|Any CPU
		{3746E15A-4C6D-BD84-F384-855FDBF74667}.Debug|Any CPU.Build.0 = Debug|Any CPU
		{3746E15A-4C6D-BD84-F384-855FDBF74667}.Release|Any CPU.ActiveCfg = Release|Any CPU
		{3746E15A-4C6D-BD84-F384-855FDBF74667}.Release|Any CPU.Build.0 = Release|Any CPU
	EndGlobalSection
	GlobalSection(SolutionProperties) = preSolution
		HideSolutionNode = FALSE
	EndGlobalSection
	GlobalSection(ExtensibilityGlobals) = postSolution
		SolutionGuid = {F1C5B05D-FA2D-41FE-BD00-9557A858492D}
	EndGlobalSection
EndGlobal
